// !$*UTF8*$!
{
	archiveVersion = 1;
	classes = {
	};
	objectVersion = 50;
	objects = {

/* Begin PBXBuildFile section */
		071D58FC20F30BB000BD7E5E /* AppDelegate.swift in Sources */ = {isa = PBXBuildFile; fileRef = 071D58FB20F30BB000BD7E5E /* AppDelegate.swift */; };
		071D58FE20F30BB000BD7E5E /* ViewController.swift in Sources */ = {isa = PBXBuildFile; fileRef = 071D58FD20F30BB000BD7E5E /* ViewController.swift */; };
		071D590120F30BB000BD7E5E /* Main.storyboard in Resources */ = {isa = PBXBuildFile; fileRef = 071D58FF20F30BB000BD7E5E /* Main.storyboard */; };
		071D590320F30BB100BD7E5E /* Assets.xcassets in Resources */ = {isa = PBXBuildFile; fileRef = 071D590220F30BB100BD7E5E /* Assets.xcassets */; };
		071D590620F30BB100BD7E5E /* LaunchScreen.storyboard in Resources */ = {isa = PBXBuildFile; fileRef = 071D590420F30BB100BD7E5E /* LaunchScreen.storyboard */; };
		071D591020F3231A00BD7E5E /* Target_RouterManager.swift in Sources */ = {isa = PBXBuildFile; fileRef = 071D590F20F3231A00BD7E5E /* Target_RouterManager.swift */; };
		40236E575086E49450BC11A6 /* Pods_NicooRouterTestProject.framework in Frameworks */ = {isa = PBXBuildFile; fileRef = 79150075E40A66AE5809E62A /* Pods_NicooRouterTestProject.framework */; };
/* End PBXBuildFile section */

/* Begin PBXFileReference section */
		054389CB98CA5B99B212203D /* Pods-NicooRouterTestProject.debug.xcconfig */ = {isa = PBXFileReference; includeInIndex = 1; lastKnownFileType = text.xcconfig; name = "Pods-NicooRouterTestProject.debug.xcconfig"; path = "Pods/Target Support Files/Pods-NicooRouterTestProject/Pods-NicooRouterTestProject.debug.xcconfig"; sourceTree = "<group>"; };
		071D58F820F30BB000BD7E5E /* NicooRouterTestProject.app */ = {isa = PBXFileReference; explicitFileType = wrapper.application; includeInIndex = 0; path = NicooRouterTestProject.app; sourceTree = BUILT_PRODUCTS_DIR; };
		071D58FB20F30BB000BD7E5E /* AppDelegate.swift */ = {isa = PBXFileReference; lastKnownFileType = sourcecode.swift; path = AppDelegate.swift; sourceTree = "<group>"; };
		071D58FD20F30BB000BD7E5E /* ViewController.swift */ = {isa = PBXFileReference; lastKnownFileType = sourcecode.swift; path = ViewController.swift; sourceTree = "<group>"; };
		071D590020F30BB000BD7E5E /* Base */ = {isa = PBXFileReference; lastKnownFileType = file.storyboard; name = Base; path = Base.lproj/Main.storyboard; sourceTree = "<group>"; };
		071D590220F30BB100BD7E5E /* Assets.xcassets */ = {isa = PBXFileReference; lastKnownFileType = folder.assetcatalog; path = Assets.xcassets; sourceTree = "<group>"; };
		071D590520F30BB100BD7E5E /* Base */ = {isa = PBXFileReference; lastKnownFileType = file.storyboard; name = Base; path = Base.lproj/LaunchScreen.storyboard; sourceTree = "<group>"; };
		071D590720F30BB100BD7E5E /* Info.plist */ = {isa = PBXFileReference; lastKnownFileType = text.plist.xml; path = Info.plist; sourceTree = "<group>"; };
		071D590F20F3231A00BD7E5E /* Target_RouterManager.swift */ = {isa = PBXFileReference; lastKnownFileType = sourcecode.swift; path = Target_RouterManager.swift; sourceTree = "<group>"; };
		79150075E40A66AE5809E62A /* Pods_NicooRouterTestProject.framework */ = {isa = PBXFileReference; explicitFileType = wrapper.framework; includeInIndex = 0; path = Pods_NicooRouterTestProject.framework; sourceTree = BUILT_PRODUCTS_DIR; };
		E06E6FE6877D768C48678AAE /* Pods-NicooRouterTestProject.release.xcconfig */ = {isa = PBXFileReference; includeInIndex = 1; lastKnownFileType = text.xcconfig; name = "Pods-NicooRouterTestProject.release.xcconfig"; path = "Pods/Target Support Files/Pods-NicooRouterTestProject/Pods-NicooRouterTestProject.release.xcconfig"; sourceTree = "<group>"; };
/* End PBXFileReference section */

/* Begin PBXFrameworksBuildPhase section */
		071D58F520F30BB000BD7E5E /* Frameworks */ = {
			isa = PBXFrameworksBuildPhase;
			buildActionMask = 2147483647;
			files = (
				40236E575086E49450BC11A6 /* Pods_NicooRouterTestProject.framework in Frameworks */,
			);
			runOnlyForDeploymentPostprocessing = 0;
		};
/* End PBXFrameworksBuildPhase section */

/* Begin PBXGroup section */
		071D58EF20F30BB000BD7E5E = {
			isa = PBXGroup;
			children = (
				071D58FA20F30BB000BD7E5E /* NicooRouterTestProject */,
				071D58F920F30BB000BD7E5E /* Products */,
				58187CA972EBE68E6C501ED0 /* Pods */,
				1025CD27487F83478FD71668 /* Frameworks */,
			);
			sourceTree = "<group>";
		};
		071D58F920F30BB000BD7E5E /* Products */ = {
			isa = PBXGroup;
			children = (
				071D58F820F30BB000BD7E5E /* NicooRouterTestProject.app */,
			);
			name = Products;
			sourceTree = "<group>";
		};
		071D58FA20F30BB000BD7E5E /* NicooRouterTestProject */ = {
			isa = PBXGroup;
			children = (
				071D58FB20F30BB000BD7E5E /* AppDelegate.swift */,
				071D58FD20F30BB000BD7E5E /* ViewController.swift */,
				071D590F20F3231A00BD7E5E /* Target_RouterManager.swift */,
				071D58FF20F30BB000BD7E5E /* Main.storyboard */,
				071D590220F30BB100BD7E5E /* Assets.xcassets */,
				071D590420F30BB100BD7E5E /* LaunchScreen.storyboard */,
				071D590720F30BB100BD7E5E /* Info.plist */,
			);
			path = NicooRouterTestProject;
			sourceTree = "<group>";
		};
		1025CD27487F83478FD71668 /* Frameworks */ = {
			isa = PBXGroup;
			children = (
				79150075E40A66AE5809E62A /* Pods_NicooRouterTestProject.framework */,
			);
			name = Frameworks;
			sourceTree = "<group>";
		};
		58187CA972EBE68E6C501ED0 /* Pods */ = {
			isa = PBXGroup;
			children = (
				054389CB98CA5B99B212203D /* Pods-NicooRouterTestProject.debug.xcconfig */,
				E06E6FE6877D768C48678AAE /* Pods-NicooRouterTestProject.release.xcconfig */,
			);
			name = Pods;
			sourceTree = "<group>";
		};
/* End PBXGroup section */

/* Begin PBXNativeTarget section */
		071D58F720F30BB000BD7E5E /* NicooRouterTestProject */ = {
			isa = PBXNativeTarget;
			buildConfigurationList = 071D590A20F30BB100BD7E5E /* Build configuration list for PBXNativeTarget "NicooRouterTestProject" */;
			buildPhases = (
				E295AD5AA24911AD731513E3 /* [CP] Check Pods Manifest.lock */,
				071D58F420F30BB000BD7E5E /* Sources */,
				071D58F520F30BB000BD7E5E /* Frameworks */,
				071D58F620F30BB000BD7E5E /* Resources */,
				419DDFF41A58F516D5B57D1F /* [CP] Embed Pods Frameworks */,
			);
			buildRules = (
			);
			dependencies = (
			);
			name = NicooRouterTestProject;
			productName = NicooRouterTestProject;
			productReference = 071D58F820F30BB000BD7E5E /* NicooRouterTestProject.app */;
			productType = "com.apple.product-type.application";
		};
/* End PBXNativeTarget section */

/* Begin PBXProject section */
		071D58F020F30BB000BD7E5E /* Project object */ = {
			isa = PBXProject;
			attributes = {
				LastSwiftUpdateCheck = 0930;
				LastUpgradeCheck = 0930;
				ORGANIZATIONNAME = yangxin;
				TargetAttributes = {
					071D58F720F30BB000BD7E5E = {
						CreatedOnToolsVersion = 9.3.1;
					};
				};
			};
			buildConfigurationList = 071D58F320F30BB000BD7E5E /* Build configuration list for PBXProject "NicooRouterTestProject" */;
			compatibilityVersion = "Xcode 9.3";
			developmentRegion = en;
			hasScannedForEncodings = 0;
			knownRegions = (
				en,
				Base,
			);
			mainGroup = 071D58EF20F30BB000BD7E5E;
			productRefGroup = 071D58F920F30BB000BD7E5E /* Products */;
			projectDirPath = "";
			projectRoot = "";
			targets = (
				071D58F720F30BB000BD7E5E /* NicooRouterTestProject */,
			);
		};
/* End PBXProject section */

/* Begin PBXResourcesBuildPhase section */
		071D58F620F30BB000BD7E5E /* Resources */ = {
			isa = PBXResourcesBuildPhase;
			buildActionMask = 2147483647;
			files = (
				071D590620F30BB100BD7E5E /* LaunchScreen.storyboard in Resources */,
				071D590320F30BB100BD7E5E /* Assets.xcassets in Resources */,
				071D590120F30BB000BD7E5E /* Main.storyboard in Resources */,
			);
			runOnlyForDeploymentPostprocessing = 0;
		};
/* End PBXResourcesBuildPhase section */

/* Begin PBXShellScriptBuildPhase section */
		419DDFF41A58F516D5B57D1F /* [CP] Embed Pods Frameworks */ = {
			isa = PBXShellScriptBuildPhase;
			buildActionMask = 2147483647;
			files = (
			);
			inputPaths = (
				"${SRCROOT}/Pods/Target Support Files/Pods-NicooRouterTestProject/Pods-NicooRouterTestProject-frameworks.sh",
				"${BUILT_PRODUCTS_DIR}/NicooSwiftRouter/NicooSwiftRouter.framework",
				"${BUILT_PRODUCTS_DIR}/RightMuneTabel/RightMuneTabel.framework",
				"${BUILT_PRODUCTS_DIR}/RouterTestModule/RouterTestModule.framework",
				"${BUILT_PRODUCTS_DIR}/SnapKit/SnapKit.framework",
			);
			name = "[CP] Embed Pods Frameworks";
			outputPaths = (
				"${TARGET_BUILD_DIR}/${FRAMEWORKS_FOLDER_PATH}/NicooSwiftRouter.framework",
				"${TARGET_BUILD_DIR}/${FRAMEWORKS_FOLDER_PATH}/RightMuneTabel.framework",
				"${TARGET_BUILD_DIR}/${FRAMEWORKS_FOLDER_PATH}/RouterTestModule.framework",
				"${TARGET_BUILD_DIR}/${FRAMEWORKS_FOLDER_PATH}/SnapKit.framework",
			);
			runOnlyForDeploymentPostprocessing = 0;
			shellPath = /bin/sh;
			shellScript = "\"${SRCROOT}/Pods/Target Support Files/Pods-NicooRouterTestProject/Pods-NicooRouterTestProject-frameworks.sh\"\n";
			showEnvVarsInLog = 0;
		};
		E295AD5AA24911AD731513E3 /* [CP] Check Pods Manifest.lock */ = {
			isa = PBXShellScriptBuildPhase;
			buildActionMask = 2147483647;
			files = (
			);
			inputPaths = (
				"${PODS_PODFILE_DIR_PATH}/Podfile.lock",
				"${PODS_ROOT}/Manifest.lock",
			);
			name = "[CP] Check Pods Manifest.lock";
			outputPaths = (
				"$(DERIVED_FILE_DIR)/Pods-NicooRouterTestProject-checkManifestLockResult.txt",
			);
			runOnlyForDeploymentPostprocessing = 0;
			shellPath = /bin/sh;
			shellScript = "diff \"${PODS_PODFILE_DIR_PATH}/Podfile.lock\" \"${PODS_ROOT}/Manifest.lock\" > /dev/null\nif [ $? != 0 ] ; then\n    # print error to STDERR\n    echo \"error: The sandbox is not in sync with the Podfile.lock. Run 'pod install' or update your CocoaPods installation.\" >&2\n    exit 1\nfi\n# This output is used by Xcode 'outputs' to avoid re-running this script phase.\necho \"SUCCESS\" > \"${SCRIPT_OUTPUT_FILE_0}\"\n";
			showEnvVarsInLog = 0;
		};
/* End PBXShellScriptBuildPhase section */

/* Begin PBXSourcesBuildPhase section */
		071D58F420F30BB000BD7E5E /* Sources */ = {
			isa = PBXSourcesBuildPhase;
			buildActionMask = 2147483647;
			files = (
				071D58FE20F30BB000BD7E5E /* ViewController.swift in Sources */,
				071D58FC20F30BB000BD7E5E /* AppDelegate.swift in Sources */,
				071D591020F3231A00BD7E5E /* Target_RouterManager.swift in Sources */,
			);
			runOnlyForDeploymentPostprocessing = 0;
		};
/* End PBXSourcesBuildPhase section */

/* Begin PBXVariantGroup section */
		071D58FF20F30BB000BD7E5E /* Main.storyboard */ = {
			isa = PBXVariantGroup;
			children = (
				071D590020F30BB000BD7E5E /* Base */,
			);
			name = Main.storyboard;
			sourceTree = "<group>";
		};
		071D590420F30BB100BD7E5E /* LaunchScreen.storyboard */ = {
			isa = PBXVariantGroup;
			children = (
				071D590520F30BB100BD7E5E /* Base */,
			);
			name = LaunchScreen.storyboard;
			sourceTree = "<group>";
		};
/* End PBXVariantGroup section */

/* Begin XCBuildConfiguration section */
		071D590820F30BB100BD7E5E /* Debug */ = {
			isa = XCBuildConfiguration;
			buildSettings = {
				ALWAYS_SEARCH_USER_PATHS = NO;
				CLANG_ANALYZER_NONNULL = YES;
				CLANG_ANALYZER_NUMBER_OBJECT_CONVERSION = YES_AGGRESSIVE;
				CLANG_CXX_LANGUAGE_STANDARD = "gnu++14";
				CLANG_CXX_LIBRARY = "libc++";
				CLANG_ENABLE_MODULES = YES;
				CLANG_ENABLE_OBJC_ARC = YES;
				CLANG_ENABLE_OBJC_WEAK = YES;
				CLANG_WARN_BLOCK_CAPTURE_AUTORELEASING = YES;
				CLANG_WARN_BOOL_CONVERSION = YES;
				CLANG_WARN_COMMA = YES;
				CLANG_WARN_CONSTANT_CONVERSION = YES;
				CLANG_WARN_DEPRECATED_OBJC_IMPLEMENTATIONS = YES;
				CLANG_WARN_DIRECT_OBJC_ISA_USAGE = YES_ERROR;
				CLANG_WARN_DOCUMENTATION_COMMENTS = YES;
				CLANG_WARN_EMPTY_BODY = YES;
				CLANG_WARN_ENUM_CONVERSION = YES;
				CLANG_WARN_INFINITE_RECURSION = YES;
				CLANG_WARN_INT_CONVERSION = YES;
				CLANG_WARN_NON_LITERAL_NULL_CONVERSION = YES;
				CLANG_WARN_OBJC_IMPLICIT_RETAIN_SELF = YES;
				CLANG_WARN_OBJC_LITERAL_CONVERSION = YES;
				CLANG_WARN_OBJC_ROOT_CLASS = YES_ERROR;
				CLANG_WARN_RANGE_LOOP_ANALYSIS = YES;
				CLANG_WARN_STRICT_PROTOTYPES = YES;
				CLANG_WARN_SUSPICIOUS_MOVE = YES;
				CLANG_WARN_UNGUARDED_AVAILABILITY = YES_AGGRESSIVE;
				CLANG_WARN_UNREACHABLE_CODE = YES;
				CLANG_WARN__DUPLICATE_METHOD_MATCH = YES;
				CODE_SIGN_IDENTITY = "iPhone Developer";
				COPY_PHASE_STRIP = NO;
				DEBUG_INFORMATION_FORMAT = dwarf;
				ENABLE_STRICT_OBJC_MSGSEND = YES;
				ENABLE_TESTABILITY = YES;
				GCC_C_LANGUAGE_STANDARD = gnu11;
				GCC_DYNAMIC_NO_PIC = NO;
				GCC_NO_COMMON_BLOCKS = YES;
				GCC_OPTIMIZATION_LEVEL = 0;
				GCC_PREPROCESSOR_DEFINITIONS = (
					"DEBUG=1",
					"$(inherited)",
				);
				GCC_WARN_64_TO_32_BIT_CONVERSION = YES;
				GCC_WARN_ABOUT_RETURN_TYPE = YES_ERROR;
				GCC_WARN_UNDECLARED_SELECTOR = YES;
				GCC_WARN_UNINITIALIZED_AUTOS = YES_AGGRESSIVE;
				GCC_WARN_UNUSED_FUNCTION = YES;
				GCC_WARN_UNUSED_VARIABLE = YES;
				IPHONEOS_DEPLOYMENT_TARGET = 11.3;
				MTL_ENABLE_DEBUG_INFO = YES;
				ONLY_ACTIVE_ARCH = YES;
				SDKROOT = iphoneos;
				SWIFT_ACTIVE_COMPILATION_CONDITIONS = DEBUG;
				SWIFT_OPTIMIZATION_LEVEL = "-Onone";
			};
			name = Debug;
		};
		071D590920F30BB100BD7E5E /* Release */ = {
			isa = XCBuildConfiguration;
			buildSettings = {
				ALWAYS_SEARCH_USER_PATHS = NO;
				CLANG_ANALYZER_NONNULL = YES;
				CLANG_ANALYZER_NUMBER_OBJECT_CONVERSION = YES_AGGRESSIVE;
				CLANG_CXX_LANGUAGE_STANDARD = "gnu++14";
				CLANG_CXX_LIBRARY = "libc++";
				CLANG_ENABLE_MODULES = YES;
				CLANG_ENABLE_OBJC_ARC = YES;
				CLANG_ENABLE_OBJC_WEAK = YES;
				CLANG_WARN_BLOCK_CAPTURE_AUTORELEASING = YES;
				CLANG_WARN_BOOL_CONVERSION = YES;
				CLANG_WARN_COMMA = YES;
				CLANG_WARN_CONSTANT_CONVERSION = YES;
				CLANG_WARN_DEPRECATED_OBJC_IMPLEMENTATIONS = YES;
				CLANG_WARN_DIRECT_OBJC_ISA_USAGE = YES_ERROR;
				CLANG_WARN_DOCUMENTATION_COMMENTS = YES;
				CLANG_WARN_EMPTY_BODY = YES;
				CLANG_WARN_ENUM_CONVERSION = YES;
				CLANG_WARN_INFINITE_RECURSION = YES;
				CLANG_WARN_INT_CONVERSION = YES;
				CLANG_WARN_NON_LITERAL_NULL_CONVERSION = YES;
				CLANG_WARN_OBJC_IMPLICIT_RETAIN_SELF = YES;
				CLANG_WARN_OBJC_LITERAL_CONVERSION = YES;
				CLANG_WARN_OBJC_ROOT_CLASS = YES_ERROR;
				CLANG_WARN_RANGE_LOOP_ANALYSIS = YES;
				CLANG_WARN_STRICT_PROTOTYPES = YES;
				CLANG_WARN_SUSPICIOUS_MOVE = YES;
				CLANG_WARN_UNGUARDED_AVAILABILITY = YES_AGGRESSIVE;
				CLANG_WARN_UNREACHABLE_CODE = YES;
				CLANG_WARN__DUPLICATE_METHOD_MATCH = YES;
				CODE_SIGN_IDENTITY = "iPhone Developer";
				COPY_PHASE_STRIP = NO;
				DEBUG_INFORMATION_FORMAT = "dwarf-with-dsym";
				ENABLE_NS_ASSERTIONS = NO;
				ENABLE_STRICT_OBJC_MSGSEND = YES;
				GCC_C_LANGUAGE_STANDARD = gnu11;
				GCC_NO_COMMON_BLOCKS = YES;
				GCC_WARN_64_TO_32_BIT_CONVERSION = YES;
				GCC_WARN_ABOUT_RETURN_TYPE = YES_ERROR;
				GCC_WARN_UNDECLARED_SELECTOR = YES;
				GCC_WARN_UNINITIALIZED_AUTOS = YES_AGGRESSIVE;
				GCC_WARN_UNUSED_FUNCTION = YES;
				GCC_WARN_UNUSED_VARIABLE = YES;
				IPHONEOS_DEPLOYMENT_TARGET = 11.3;
				MTL_ENABLE_DEBUG_INFO = NO;
				SDKROOT = iphoneos;
				SWIFT_COMPILATION_MODE = wholemodule;
				SWIFT_OPTIMIZATION_LEVEL = "-O";
				VALIDATE_PRODUCT = YES;
			};
			name = Release;
		};
		071D590B20F30BB100BD7E5E /* Debug */ = {
			isa = XCBuildConfiguration;
			baseConfigurationReference = 054389CB98CA5B99B212203D /* Pods-NicooRouterTestProject.debug.xcconfig */;
			buildSettings = {
				ASSETCATALOG_COMPILER_APPICON_NAME = AppIcon;
				CODE_SIGN_STYLE = Automatic;
				DEVELOPMENT_TEAM = 57425GF5W9;
				INFOPLIST_FILE = NicooRouterTestProject/Info.plist;
				LD_RUNPATH_SEARCH_PATHS = (
					"$(inherited)",
					"@executable_path/Frameworks",
				);
				PRODUCT_BUNDLE_IDENTIFIER = com.tzpt.NicooRouterTestProject;
				PRODUCT_NAME = "$(TARGET_NAME)";
				SWIFT_VERSION = 4.0;
				TARGETED_DEVICE_FAMILY = "1,2";
			};
			name = Debug;
		};
		071D590C20F30BB100BD7E5E /* Release */ = {
			isa = XCBuildConfiguration;
			baseConfigurationReference = E06E6FE6877D768C48678AAE /* Pods-NicooRouterTestProject.release.xcconfig */;
			buildSettings = {
				ASSETCATALOG_COMPILER_APPICON_NAME = AppIcon;
				CODE_SIGN_STYLE = Automatic;
				DEVELOPMENT_TEAM = 57425GF5W9;
				INFOPLIST_FILE = NicooRouterTestProject/Info.plist;
				LD_RUNPATH_SEARCH_PATHS = (
					"$(inherited)",
					"@executable_path/Frameworks",
				);
				PRODUCT_BUNDLE_IDENTIFIER = com.tzpt.NicooRouterTestProject;
				PRODUCT_NAME = "$(TARGET_NAME)";
				SWIFT_VERSION = 4.0;
				TARGETED_DEVICE_FAMILY = "1,2";
			};
			name = Release;
		};
/* End XCBuildConfiguration section */

/* Begin XCConfigurationList section */
		071D58F320F30BB000BD7E5E /* Build configuration list for PBXProject "NicooRouterTestProject" */ = {
			isa = XCConfigurationList;
			buildConfigurations = (
				071D590820F30BB100BD7E5E /* Debug */,
				071D590920F30BB100BD7E5E /* Release */,
			);
			defaultConfigurationIsVisible = 0;
			defaultConfigurationName = Release;
		};
		071D590A20F30BB100BD7E5E /* Build configuration list for PBXNativeTarget "NicooRouterTestProject" */ = {
			isa = XCConfigurationList;
			buildConfigurations = (
				071D590B20F30BB100BD7E5E /* Debug */,
				071D590C20F30BB100BD7E5E /* Release */,
			);
			defaultConfigurationIsVisible = 0;
			defaultConfigurationName = Release;
		};
/* End XCConfigurationList section */
	};
	rootObject = 071D58F020F30BB000BD7E5E /* Project object */;
}
